
Microsoft Visual Studio Solution File, Format Version 12.00
# Visual Studio Version 16
VisualStudioVersion = 16.0.33529.622
MinimumVisualStudioVersion = 10.0.40219.1
Project("{FAE04EC0-301F-11D3-BF4B-00C04F79EFBC}") = "IgnacioVenegas_MVC", "IgnacioVenegas_MVC\IgnacioVenegas_MVC.csproj", "{E6512C37-B19A-41D6-AF10-F2F25AF16C5C}"
EndProject
Global
	GlobalSection(SolutionConfigurationPlatforms) = preSolution
		Debug|Any CPU = Debug|Any CPU
		Release|Any CPU = Release|Any CPU
	EndGlobalSection
	GlobalSection(ProjectConfigurationPlatforms) = postSolution
		{E6512C37-B19A-41D6-AF10-F2F25AF16C5C}.Debug|Any CPU.ActiveCfg = Debug|Any CPU
		{E6512C37-B19A-41D6-AF10-F2F25AF16C5C}.Debug|Any CPU.Build.0 = Debug|Any CPU
		{E6512C37-B19A-41D6-AF10-F2F25AF16C5C}.Release|Any CPU.ActiveCfg = Release|Any CPU
		{E6512C37-B19A-41D6-AF10-F2F25AF16C5C}.Release|Any CPU.Build.0 = Release|Any CPU
	EndGlobalSection
	GlobalSection(SolutionProperties) = preSolution
		HideSolutionNode = FALSE
	EndGlobalSection
	GlobalSection(ExtensibilityGlobals) = postSolution
		SolutionGuid = {5DC65983-B210-4165-B416-540EC27AD44F}
	EndGlobalSection
EndGlobal
